
Microsoft Visual Studio Solution File, Format Version 12.00
# Visual Studio Version 16
VisualStudioVersion = 16.0.33801.447
MinimumVisualStudioVersion = 10.0.40219.1
Project("{9A19103F-16F7-4668-BE54-9A1E7A4F7556}") = "PWIIProva_Sabrina_Julia", "PWIIProva_Sabrina_Julia\PWIIProva_Sabrina_Julia.csproj", "{C409CE0B-3532-4D7C-AFD1-73081D60D4A4}"
EndProject
Global
	GlobalSection(SolutionConfigurationPlatforms) = preSolution
		Debug|Any CPU = Debug|Any CPU
		Release|Any CPU = Release|Any CPU
	EndGlobalSection
	GlobalSection(ProjectConfigurationPlatforms) = postSolution
		{C409CE0B-3532-4D7C-AFD1-73081D60D4A4}.Debug|Any CPU.ActiveCfg = Debug|Any CPU
		{C409CE0B-3532-4D7C-AFD1-73081D60D4A4}.Debug|Any CPU.Build.0 = Debug|Any CPU
		{C409CE0B-3532-4D7C-AFD1-73081D60D4A4}.Release|Any CPU.ActiveCfg = Release|Any CPU
		{C409CE0B-3532-4D7C-AFD1-73081D60D4A4}.Release|Any CPU.Build.0 = Release|Any CPU
	EndGlobalSection
	GlobalSection(SolutionProperties) = preSolution
		HideSolutionNode = FALSE
	EndGlobalSection
	GlobalSection(ExtensibilityGlobals) = postSolution
		SolutionGuid = {057992FA-CAE1-43DB-AD14-BD1810123DC1}
	EndGlobalSection
EndGlobal
